
Microsoft Visual Studio Solution File, Format Version 12.00
# Visual Studio Version 17
VisualStudioVersion = 17.0.32112.339
MinimumVisualStudioVersion = 10.0.40219.1
Project("{FAE04EC0-301F-11D3-BF4B-00C04F79EFBC}") = "HW1", "HW1\HW1.csproj", "{4A4BA638-F5F4-4360-AE36-4386790AF7F6}"
EndProject
Global
	GlobalSection(SolutionConfigurationPlatforms) = preSolution
		Debug|Any CPU = Debug|Any CPU
		Release|Any CPU = Release|Any CPU
	EndGlobalSection
	GlobalSection(ProjectConfigurationPlatforms) = postSolution
		{4A4BA638-F5F4-4360-AE36-4386790AF7F6}.Debug|Any CPU.ActiveCfg = Debug|Any CPU
		{4A4BA638-F5F4-4360-AE36-4386790AF7F6}.Debug|Any CPU.Build.0 = Debug|Any CPU
		{4A4BA638-F5F4-4360-AE36-4386790AF7F6}.Release|Any CPU.ActiveCfg = Release|Any CPU
		{4A4BA638-F5F4-4360-AE36-4386790AF7F6}.Release|Any CPU.Build.0 = Release|Any CPU
	EndGlobalSection
	GlobalSection(SolutionProperties) = preSolution
		HideSolutionNode = FALSE
	EndGlobalSection
	GlobalSection(ExtensibilityGlobals) = postSolution
		SolutionGuid = {3D1C0FD4-9BED-4BE2-83E2-C0CE8550A3CD}
	EndGlobalSection
EndGlobal
